
Microsoft Visual Studio Solution File, Format Version 12.00
# Visual Studio Version 17
VisualStudioVersion = 17.10.34607.79
MinimumVisualStudioVersion = 10.0.40219.1
Project("{FAE04EC0-301F-11D3-BF4B-00C04F79EFBC}") = "DataAccess", "DataAccess\DataAccess.csproj", "{4CE7AC65-159C-4F86-B62C-D5A1A226A5C9}"
EndProject
Global
	GlobalSection(SolutionConfigurationPlatforms) = preSolution
		Debug|Any CPU = Debug|Any CPU
		Release|Any CPU = Release|Any CPU
	EndGlobalSection
	GlobalSection(ProjectConfigurationPlatforms) = postSolution
		{4CE7AC65-159C-4F86-B62C-D5A1A226A5C9}.Debug|Any CPU.ActiveCfg = Debug|Any CPU
		{4CE7AC65-159C-4F86-B62C-D5A1A226A5C9}.Debug|Any CPU.Build.0 = Debug|Any CPU
		{4CE7AC65-159C-4F86-B62C-D5A1A226A5C9}.Release|Any CPU.ActiveCfg = Release|Any CPU
		{4CE7AC65-159C-4F86-B62C-D5A1A226A5C9}.Release|Any CPU.Build.0 = Release|Any CPU
	EndGlobalSection
	GlobalSection(SolutionProperties) = preSolution
		HideSolutionNode = FALSE
	EndGlobalSection
	GlobalSection(ExtensibilityGlobals) = postSolution
		SolutionGuid = {F6E8F54C-E122-4C6A-A1AD-0620BDA8E52E}
	EndGlobalSection
EndGlobal
